# THIS IS AN AUTOGENERATED FILE. DO NOT EDIT THIS FILE DIRECTLY.
# yarn lockfile v1


esbuild@^0.12.10:
  version "0.12.10"
  resolved "https://registry.yarnpkg.com/esbuild/-/esbuild-0.12.10.tgz#bd65c229862a3330128ea06836894dfa6f7471bf"
  integrity sha512-KTZ84HqvKL1V76cVwv5W2/es+Bhdv8O9DYRKhJ0wHf1d2iLH6WEGX0zh7W+UzniWnZbUZg2c7GsdH2aWeFsfzQ==

lodash@^4.17.21:
  version "4.17.21"
  resolved "https://registry.yarnpkg.com/lodash/-/lodash-4.17.21.tgz#679591c564c3bffaae8454cf0b3df370c3d6911c"
  integrity sha512-v2kDEe57lecTulaDIuNTPy3Ry4gLGJ6Z1O3vE1krgXZNrsQ+LFTGHVxVjcXPs17LhbZVGedAJv8XZ1tvj5FvSg==
